
Microsoft Visual Studio Solution File, Format Version 11.00
# Visual Studio 2010
Project("{FAE04EC0-301F-11D3-BF4B-00C04F79EFBC}") = "VRC.Udon.Serialization.OdinSerializer", "VRC.Udon.Serialization.OdinSerializer.csproj", "{FD825857-97F8-17AA-CD75-BA59911D2E1B}"
EndProject
Project("{FAE04EC0-301F-11D3-BF4B-00C04F79EFBC}") = "VRC.Udon", "VRC.Udon.csproj", "{9E545E7A-2065-A5F5-8F56-F64C62EE2B02}"
EndProject
Project("{FAE04EC0-301F-11D3-BF4B-00C04F79EFBC}") = "Assembly-CSharp", "Assembly-CSharp.csproj", "{80454F1A-81E9-9CC2-8CBF-ACE793EDF852}"
EndProject
Project("{FAE04EC0-301F-11D3-BF4B-00C04F79EFBC}") = "VRC.SDKBase.Editor.BuildPipeline", "VRC.SDKBase.Editor.BuildPipeline.csproj", "{4AA26C49-00E7-731D-0B97-0C5E37D33795}"
EndProject
Project("{FAE04EC0-301F-11D3-BF4B-00C04F79EFBC}") = "VRC.Udon.Editor", "VRC.Udon.Editor.csproj", "{DF21D8A4-FA1F-8DDE-D2AF-8D901775675B}"
EndProject
Project("{FAE04EC0-301F-11D3-BF4B-00C04F79EFBC}") = "Assembly-CSharp-Editor", "Assembly-CSharp-Editor.csproj", "{5D6EAACA-EB56-F684-7E16-3657E4DE3BC8}"
EndProject
Project("{FAE04EC0-301F-11D3-BF4B-00C04F79EFBC}") = "VRC.SDKBase.Editor.ShaderStripping", "VRC.SDKBase.Editor.ShaderStripping.csproj", "{4421E011-43A0-E2EC-6F64-FFCF6F05135F}"
EndProject
Project("{FAE04EC0-301F-11D3-BF4B-00C04F79EFBC}") = "UnityEditorTests", "UnityEditorTests.csproj", "{69D59248-E63E-AB46-3C4A-8C762845AAF6}"
EndProject
Project("{FAE04EC0-301F-11D3-BF4B-00C04F79EFBC}") = "VRC.Udon.Editor.UPMImporter", "VRC.Udon.Editor.UPMImporter.csproj", "{1E6D4071-15A2-5C2C-304B-A0B5DCB5F18F}"
EndProject
Global
	GlobalSection(SolutionConfigurationPlatforms) = preSolution
		Debug|Any CPU = Debug|Any CPU
		Release|Any CPU = Release|Any CPU
	EndGlobalSection
	GlobalSection(ProjectConfigurationPlatforms) = postSolution
		{FD825857-97F8-17AA-CD75-BA59911D2E1B}.Debug|Any CPU.ActiveCfg = Debug|Any CPU
		{FD825857-97F8-17AA-CD75-BA59911D2E1B}.Debug|Any CPU.Build.0 = Debug|Any CPU
		{FD825857-97F8-17AA-CD75-BA59911D2E1B}.Release|Any CPU.ActiveCfg = Release|Any CPU
		{FD825857-97F8-17AA-CD75-BA59911D2E1B}.Release|Any CPU.Build.0 = Release|Any CPU
		{9E545E7A-2065-A5F5-8F56-F64C62EE2B02}.Debug|Any CPU.ActiveCfg = Debug|Any CPU
		{9E545E7A-2065-A5F5-8F56-F64C62EE2B02}.Debug|Any CPU.Build.0 = Debug|Any CPU
		{9E545E7A-2065-A5F5-8F56-F64C62EE2B02}.Release|Any CPU.ActiveCfg = Release|Any CPU
		{9E545E7A-2065-A5F5-8F56-F64C62EE2B02}.Release|Any CPU.Build.0 = Release|Any CPU
		{80454F1A-81E9-9CC2-8CBF-ACE793EDF852}.Debug|Any CPU.ActiveCfg = Debug|Any CPU
		{80454F1A-81E9-9CC2-8CBF-ACE793EDF852}.Debug|Any CPU.Build.0 = Debug|Any CPU
		{80454F1A-81E9-9CC2-8CBF-ACE793EDF852}.Release|Any CPU.ActiveCfg = Release|Any CPU
		{80454F1A-81E9-9CC2-8CBF-ACE793EDF852}.Release|Any CPU.Build.0 = Release|Any CPU
		{4AA26C49-00E7-731D-0B97-0C5E37D33795}.Debug|Any CPU.ActiveCfg = Debug|Any CPU
		{4AA26C49-00E7-731D-0B97-0C5E37D33795}.Debug|Any CPU.Build.0 = Debug|Any CPU
		{4AA26C49-00E7-731D-0B97-0C5E37D33795}.Release|Any CPU.ActiveCfg = Release|Any CPU
		{4AA26C49-00E7-731D-0B97-0C5E37D33795}.Release|Any CPU.Build.0 = Release|Any CPU
		{DF21D8A4-FA1F-8DDE-D2AF-8D901775675B}.Debug|Any CPU.ActiveCfg = Debug|Any CPU
		{DF21D8A4-FA1F-8DDE-D2AF-8D901775675B}.Debug|Any CPU.Build.0 = Debug|Any CPU
		{DF21D8A4-FA1F-8DDE-D2AF-8D901775675B}.Release|Any CPU.ActiveCfg = Release|Any CPU
		{DF21D8A4-FA1F-8DDE-D2AF-8D901775675B}.Release|Any CPU.Build.0 = Release|Any CPU
		{5D6EAACA-EB56-F684-7E16-3657E4DE3BC8}.Debug|Any CPU.ActiveCfg = Debug|Any CPU
		{5D6EAACA-EB56-F684-7E16-3657E4DE3BC8}.Debug|Any CPU.Build.0 = Debug|Any CPU
		{5D6EAACA-EB56-F684-7E16-3657E4DE3BC8}.Release|Any CPU.ActiveCfg = Release|Any CPU
		{5D6EAACA-EB56-F684-7E16-3657E4DE3BC8}.Release|Any CPU.Build.0 = Release|Any CPU
		{4421E011-43A0-E2EC-6F64-FFCF6F05135F}.Debug|Any CPU.ActiveCfg = Debug|Any CPU
		{4421E011-43A0-E2EC-6F64-FFCF6F05135F}.Debug|Any CPU.Build.0 = Debug|Any CPU
		{4421E011-43A0-E2EC-6F64-FFCF6F05135F}.Release|Any CPU.ActiveCfg = Release|Any CPU
		{4421E011-43A0-E2EC-6F64-FFCF6F05135F}.Release|Any CPU.Build.0 = Release|Any CPU
		{69D59248-E63E-AB46-3C4A-8C762845AAF6}.Debug|Any CPU.ActiveCfg = Debug|Any CPU
		{69D59248-E63E-AB46-3C4A-8C762845AAF6}.Debug|Any CPU.Build.0 = Debug|Any CPU
		{69D59248-E63E-AB46-3C4A-8C762845AAF6}.Release|Any CPU.ActiveCfg = Release|Any CPU
		{69D59248-E63E-AB46-3C4A-8C762845AAF6}.Release|Any CPU.Build.0 = Release|Any CPU
		{1E6D4071-15A2-5C2C-304B-A0B5DCB5F18F}.Debug|Any CPU.ActiveCfg = Debug|Any CPU
		{1E6D4071-15A2-5C2C-304B-A0B5DCB5F18F}.Debug|Any CPU.Build.0 = Debug|Any CPU
		{1E6D4071-15A2-5C2C-304B-A0B5DCB5F18F}.Release|Any CPU.ActiveCfg = Release|Any CPU
		{1E6D4071-15A2-5C2C-304B-A0B5DCB5F18F}.Release|Any CPU.Build.0 = Release|Any CPU
	EndGlobalSection
	GlobalSection(SolutionProperties) = preSolution
		HideSolutionNode = FALSE
	EndGlobalSection
EndGlobal
